
Microsoft Visual Studio Solution File, Format Version 12.00
# Visual Studio Version 17
VisualStudioVersion = 17.3.32929.385
MinimumVisualStudioVersion = 10.0.40219.1
Project("{FAE04EC0-301F-11D3-BF4B-00C04F79EFBC}") = "Praktika 1.001", "Praktika 1.001\Praktika 1.001.csproj", "{42C7A510-6D90-4E7C-8BBA-E3676B9BE70C}"
EndProject
Global
	GlobalSection(SolutionConfigurationPlatforms) = preSolution
		Debug|Any CPU = Debug|Any CPU
		Release|Any CPU = Release|Any CPU
	EndGlobalSection
	GlobalSection(ProjectConfigurationPlatforms) = postSolution
		{42C7A510-6D90-4E7C-8BBA-E3676B9BE70C}.Debug|Any CPU.ActiveCfg = Debug|Any CPU
		{42C7A510-6D90-4E7C-8BBA-E3676B9BE70C}.Debug|Any CPU.Build.0 = Debug|Any CPU
		{42C7A510-6D90-4E7C-8BBA-E3676B9BE70C}.Release|Any CPU.ActiveCfg = Release|Any CPU
		{42C7A510-6D90-4E7C-8BBA-E3676B9BE70C}.Release|Any CPU.Build.0 = Release|Any CPU
	EndGlobalSection
	GlobalSection(SolutionProperties) = preSolution
		HideSolutionNode = FALSE
	EndGlobalSection
	GlobalSection(ExtensibilityGlobals) = postSolution
		SolutionGuid = {DD4690EB-A980-48ED-9C2F-94EA4E9C75E8}
	EndGlobalSection
EndGlobal
